// !$*UTF8*$!
{
	archiveVersion = 1;
	classes = {
	};
	objectVersion = 50;
	objects = {

/* Begin PBXBuildFile section */
		9699DCB720DB5BB900896914 /* AppDelegate.m in Sources */ = {isa = PBXBuildFile; fileRef = 9699DCB620DB5BB900896914 /* AppDelegate.m */; };
		9699DCBA20DB5BB900896914 /* ViewController.m in Sources */ = {isa = PBXBuildFile; fileRef = 9699DCB920DB5BB900896914 /* ViewController.m */; };
		9699DCBD20DB5BB900896914 /* Main.storyboard in Resources */ = {isa = PBXBuildFile; fileRef = 9699DCBB20DB5BB900896914 /* Main.storyboard */; };
		9699DCBF20DB5BBF00896914 /* Assets.xcassets in Resources */ = {isa = PBXBuildFile; fileRef = 9699DCBE20DB5BBF00896914 /* Assets.xcassets */; };
		9699DCC220DB5BBF00896914 /* LaunchScreen.storyboard in Resources */ = {isa = PBXBuildFile; fileRef = 9699DCC020DB5BBF00896914 /* LaunchScreen.storyboard */; };
		9699DCC520DB5BC000896914 /* main.m in Sources */ = {isa = PBXBuildFile; fileRef = 9699DCC420DB5BC000896914 /* main.m */; };
		9699DCCF20DB5BC000896914 /* DocumentIOTests.m in Sources */ = {isa = PBXBuildFile; fileRef = 9699DCCE20DB5BC000896914 /* DocumentIOTests.m */; };
		9699DCDA20DB5BC000896914 /* DocumentIOUITests.m in Sources */ = {isa = PBXBuildFile; fileRef = 9699DCD920DB5BC000896914 /* DocumentIOUITests.m */; };
		9699DD7A20E6217F00896914 /* DocumentIOManager.m in Sources */ = {isa = PBXBuildFile; fileRef = 9699DD7920E6217F00896914 /* DocumentIOManager.m */; };
		9699DD7D20E63B0700896914 /* DocumentIOCacheInMemory.m in Sources */ = {isa = PBXBuildFile; fileRef = 9699DD7C20E63B0700896914 /* DocumentIOCacheInMemory.m */; };
		9699DD8020E63B1A00896914 /* DocumentIOCacheInDisk.m in Sources */ = {isa = PBXBuildFile; fileRef = 9699DD7F20E63B1A00896914 /* DocumentIOCacheInDisk.m */; };
		9699DD8320E63C5800896914 /* DocumentIOCache.m in Sources */ = {isa = PBXBuildFile; fileRef = 9699DD8220E63C5800896914 /* DocumentIOCache.m */; };
		9699DD8920EB970800896914 /* 111.JPG in Resources */ = {isa = PBXBuildFile; fileRef = 9699DD8820EB970800896914 /* 111.JPG */; };
/* End PBXBuildFile section */

/* Begin PBXContainerItemProxy section */
		9699DCCB20DB5BC000896914 /* PBXContainerItemProxy */ = {
			isa = PBXContainerItemProxy;
			containerPortal = 9699DCAA20DB5BB900896914 /* Project object */;
			proxyType = 1;
			remoteGlobalIDString = 9699DCB120DB5BB900896914;
			remoteInfo = DocumentIO;
		};
		9699DCD620DB5BC000896914 /* PBXContainerItemProxy */ = {
			isa = PBXContainerItemProxy;
			containerPortal = 9699DCAA20DB5BB900896914 /* Project object */;
			proxyType = 1;
			remoteGlobalIDString = 9699DCB120DB5BB900896914;
			remoteInfo = DocumentIO;
		};
/* End PBXContainerItemProxy section */

/* Begin PBXFileReference section */
		9699DCB220DB5BB900896914 /* DocumentIO.app */ = {isa = PBXFileReference; explicitFileType = wrapper.application; includeInIndex = 0; path = DocumentIO.app; sourceTree = BUILT_PRODUCTS_DIR; };
		9699DCB520DB5BB900896914 /* AppDelegate.h */ = {isa = PBXFileReference; lastKnownFileType = sourcecode.c.h; path = AppDelegate.h; sourceTree = "<group>"; };
		9699DCB620DB5BB900896914 /* AppDelegate.m */ = {isa = PBXFileReference; lastKnownFileType = sourcecode.c.objc; path = AppDelegate.m; sourceTree = "<group>"; };
		9699DCB820DB5BB900896914 /* ViewController.h */ = {isa = PBXFileReference; lastKnownFileType = sourcecode.c.h; path = ViewController.h; sourceTree = "<group>"; };
		9699DCB920DB5BB900896914 /* ViewController.m */ = {isa = PBXFileReference; lastKnownFileType = sourcecode.c.objc; path = ViewController.m; sourceTree = "<group>"; };
		9699DCBC20DB5BB900896914 /* Base */ = {isa = PBXFileReference; lastKnownFileType = file.storyboard; name = Base; path = Base.lproj/Main.storyboard; sourceTree = "<group>"; };
		9699DCBE20DB5BBF00896914 /* Assets.xcassets */ = {isa = PBXFileReference; lastKnownFileType = folder.assetcatalog; path = Assets.xcassets; sourceTree = "<group>"; };
		9699DCC120DB5BBF00896914 /* Base */ = {isa = PBXFileReference; lastKnownFileType = file.storyboard; name = Base; path = Base.lproj/LaunchScreen.storyboard; sourceTree = "<group>"; };
		9699DCC320DB5BBF00896914 /* Info.plist */ = {isa = PBXFileReference; lastKnownFileType = text.plist.xml; path = Info.plist; sourceTree = "<group>"; };
		9699DCC420DB5BC000896914 /* main.m */ = {isa = PBXFileReference; lastKnownFileType = sourcecode.c.objc; path = main.m; sourceTree = "<group>"; };
		9699DCCA20DB5BC000896914 /* DocumentIOTests.xctest */ = {isa = PBXFileReference; explicitFileType = wrapper.cfbundle; includeInIndex = 0; path = DocumentIOTests.xctest; sourceTree = BUILT_PRODUCTS_DIR; };
		9699DCCE20DB5BC000896914 /* DocumentIOTests.m */ = {isa = PBXFileReference; lastKnownFileType = sourcecode.c.objc; path = DocumentIOTests.m; sourceTree = "<group>"; };
		9699DCD020DB5BC000896914 /* Info.plist */ = {isa = PBXFileReference; lastKnownFileType = text.plist.xml; path = Info.plist; sourceTree = "<group>"; };
		9699DCD520DB5BC000896914 /* DocumentIOUITests.xctest */ = {isa = PBXFileReference; explicitFileType = wrapper.cfbundle; includeInIndex = 0; path = DocumentIOUITests.xctest; sourceTree = BUILT_PRODUCTS_DIR; };
		9699DCD920DB5BC000896914 /* DocumentIOUITests.m */ = {isa = PBXFileReference; lastKnownFileType = sourcecode.c.objc; path = DocumentIOUITests.m; sourceTree = "<group>"; };
		9699DCDB20DB5BC000896914 /* Info.plist */ = {isa = PBXFileReference; lastKnownFileType = text.plist.xml; path = Info.plist; sourceTree = "<group>"; };
		9699DD7820E6217F00896914 /* DocumentIOManager.h */ = {isa = PBXFileReference; lastKnownFileType = sourcecode.c.h; path = DocumentIOManager.h; sourceTree = "<group>"; };
		9699DD7920E6217F00896914 /* DocumentIOManager.m */ = {isa = PBXFileReference; lastKnownFileType = sourcecode.c.objc; path = DocumentIOManager.m; sourceTree = "<group>"; };
		9699DD7B20E63B0700896914 /* DocumentIOCacheInMemory.h */ = {isa = PBXFileReference; lastKnownFileType = sourcecode.c.h; path = DocumentIOCacheInMemory.h; sourceTree = "<group>"; };
		9699DD7C20E63B0700896914 /* DocumentIOCacheInMemory.m */ = {isa = PBXFileReference; lastKnownFileType = sourcecode.c.objc; path = DocumentIOCacheInMemory.m; sourceTree = "<group>"; };
		9699DD7E20E63B1A00896914 /* DocumentIOCacheInDisk.h */ = {isa = PBXFileReference; lastKnownFileType = sourcecode.c.h; path = DocumentIOCacheInDisk.h; sourceTree = "<group>"; };
		9699DD7F20E63B1A00896914 /* DocumentIOCacheInDisk.m */ = {isa = PBXFileReference; lastKnownFileType = sourcecode.c.objc; path = DocumentIOCacheInDisk.m; sourceTree = "<group>"; };
		9699DD8120E63C5800896914 /* DocumentIOCache.h */ = {isa = PBXFileReference; lastKnownFileType = sourcecode.c.h; path = DocumentIOCache.h; sourceTree = "<group>"; };
		9699DD8220E63C5800896914 /* DocumentIOCache.m */ = {isa = PBXFileReference; lastKnownFileType = sourcecode.c.objc; path = DocumentIOCache.m; sourceTree = "<group>"; };
		9699DD8820EB970800896914 /* 111.JPG */ = {isa = PBXFileReference; lastKnownFileType = image.jpeg; path = 111.JPG; sourceTree = "<group>"; };
/* End PBXFileReference section */

/* Begin PBXFrameworksBuildPhase section */
		9699DCAF20DB5BB900896914 /* Frameworks */ = {
			isa = PBXFrameworksBuildPhase;
			buildActionMask = 2147483647;
			files = (
			);
			runOnlyForDeploymentPostprocessing = 0;
		};
		9699DCC720DB5BC000896914 /* Frameworks */ = {
			isa = PBXFrameworksBuildPhase;
			buildActionMask = 2147483647;
			files = (
			);
			runOnlyForDeploymentPostprocessing = 0;
		};
		9699DCD220DB5BC000896914 /* Frameworks */ = {
			isa = PBXFrameworksBuildPhase;
			buildActionMask = 2147483647;
			files = (
			);
			runOnlyForDeploymentPostprocessing = 0;
		};
/* End PBXFrameworksBuildPhase section */

/* Begin PBXGroup section */
		9699DCA920DB5BB900896914 = {
			isa = PBXGroup;
			children = (
				9699DCB420DB5BB900896914 /* DocumentIO */,
				9699DCCD20DB5BC000896914 /* DocumentIOTests */,
				9699DCD820DB5BC000896914 /* DocumentIOUITests */,
				9699DCB320DB5BB900896914 /* Products */,
			);
			sourceTree = "<group>";
		};
		9699DCB320DB5BB900896914 /* Products */ = {
			isa = PBXGroup;
			children = (
				9699DCB220DB5BB900896914 /* DocumentIO.app */,
				9699DCCA20DB5BC000896914 /* DocumentIOTests.xctest */,
				9699DCD520DB5BC000896914 /* DocumentIOUITests.xctest */,
			);
			name = Products;
			sourceTree = "<group>";
		};
		9699DCB420DB5BB900896914 /* DocumentIO */ = {
			isa = PBXGroup;
			children = (
				9699DD8720EB96E800896914 /* Source */,
				9699DD7720E6213C00896914 /* DocumentIO */,
				9699DCB520DB5BB900896914 /* AppDelegate.h */,
				9699DCB620DB5BB900896914 /* AppDelegate.m */,
				9699DCB820DB5BB900896914 /* ViewController.h */,
				9699DCB920DB5BB900896914 /* ViewController.m */,
				9699DCBB20DB5BB900896914 /* Main.storyboard */,
				9699DCBE20DB5BBF00896914 /* Assets.xcassets */,
				9699DCC020DB5BBF00896914 /* LaunchScreen.storyboard */,
				9699DCC320DB5BBF00896914 /* Info.plist */,
				9699DCC420DB5BC000896914 /* main.m */,
			);
			path = DocumentIO;
			sourceTree = "<group>";
		};
		9699DCCD20DB5BC000896914 /* DocumentIOTests */ = {
			isa = PBXGroup;
			children = (
				9699DCCE20DB5BC000896914 /* DocumentIOTests.m */,
				9699DCD020DB5BC000896914 /* Info.plist */,
			);
			path = DocumentIOTests;
			sourceTree = "<group>";
		};
		9699DCD820DB5BC000896914 /* DocumentIOUITests */ = {
			isa = PBXGroup;
			children = (
				9699DCD920DB5BC000896914 /* DocumentIOUITests.m */,
				9699DCDB20DB5BC000896914 /* Info.plist */,
			);
			path = DocumentIOUITests;
			sourceTree = "<group>";
		};
		9699DD7720E6213C00896914 /* DocumentIO */ = {
			isa = PBXGroup;
			children = (
				9699DD7820E6217F00896914 /* DocumentIOManager.h */,
				9699DD7920E6217F00896914 /* DocumentIOManager.m */,
				9699DD7B20E63B0700896914 /* DocumentIOCacheInMemory.h */,
				9699DD7C20E63B0700896914 /* DocumentIOCacheInMemory.m */,
				9699DD7E20E63B1A00896914 /* DocumentIOCacheInDisk.h */,
				9699DD7F20E63B1A00896914 /* DocumentIOCacheInDisk.m */,
				9699DD8120E63C5800896914 /* DocumentIOCache.h */,
				9699DD8220E63C5800896914 /* DocumentIOCache.m */,
			);
			path = DocumentIO;
			sourceTree = "<group>";
		};
		9699DD8720EB96E800896914 /* Source */ = {
			isa = PBXGroup;
			children = (
				9699DD8820EB970800896914 /* 111.JPG */,
			);
			path = Source;
			sourceTree = "<group>";
		};
/* End PBXGroup section */

/* Begin PBXNativeTarget section */
		9699DCB120DB5BB900896914 /* DocumentIO */ = {
			isa = PBXNativeTarget;
			buildConfigurationList = 9699DCDE20DB5BC000896914 /* Build configuration list for PBXNativeTarget "DocumentIO" */;
			buildPhases = (
				9699DCAE20DB5BB900896914 /* Sources */,
				9699DCAF20DB5BB900896914 /* Frameworks */,
				9699DCB020DB5BB900896914 /* Resources */,
			);
			buildRules = (
			);
			dependencies = (
			);
			name = DocumentIO;
			productName = DocumentIO;
			productReference = 9699DCB220DB5BB900896914 /* DocumentIO.app */;
			productType = "com.apple.product-type.application";
		};
		9699DCC920DB5BC000896914 /* DocumentIOTests */ = {
			isa = PBXNativeTarget;
			buildConfigurationList = 9699DCE120DB5BC000896914 /* Build configuration list for PBXNativeTarget "DocumentIOTests" */;
			buildPhases = (
				9699DCC620DB5BC000896914 /* Sources */,
				9699DCC720DB5BC000896914 /* Frameworks */,
				9699DCC820DB5BC000896914 /* Resources */,
			);
			buildRules = (
			);
			dependencies = (
				9699DCCC20DB5BC000896914 /* PBXTargetDependency */,
			);
			name = DocumentIOTests;
			productName = DocumentIOTests;
			productReference = 9699DCCA20DB5BC000896914 /* DocumentIOTests.xctest */;
			productType = "com.apple.product-type.bundle.unit-test";
		};
		9699DCD420DB5BC000896914 /* DocumentIOUITests */ = {
			isa = PBXNativeTarget;
			buildConfigurationList = 9699DCE420DB5BC000896914 /* Build configuration list for PBXNativeTarget "DocumentIOUITests" */;
			buildPhases = (
				9699DCD120DB5BC000896914 /* Sources */,
				9699DCD220DB5BC000896914 /* Frameworks */,
				9699DCD320DB5BC000896914 /* Resources */,
			);
			buildRules = (
			);
			dependencies = (
				9699DCD720DB5BC000896914 /* PBXTargetDependency */,
			);
			name = DocumentIOUITests;
			productName = DocumentIOUITests;
			productReference = 9699DCD520DB5BC000896914 /* DocumentIOUITests.xctest */;
			productType = "com.apple.product-type.bundle.ui-testing";
		};
/* End PBXNativeTarget section */

/* Begin PBXProject section */
		9699DCAA20DB5BB900896914 /* Project object */ = {
			isa = PBXProject;
			attributes = {
				LastUpgradeCheck = 0940;
				ORGANIZATIONNAME = "沛沛";
				TargetAttributes = {
					9699DCB120DB5BB900896914 = {
						CreatedOnToolsVersion = 9.4;
					};
					9699DCC920DB5BC000896914 = {
						CreatedOnToolsVersion = 9.4;
						TestTargetID = 9699DCB120DB5BB900896914;
					};
					9699DCD420DB5BC000896914 = {
						CreatedOnToolsVersion = 9.4;
						TestTargetID = 9699DCB120DB5BB900896914;
					};
				};
			};
			buildConfigurationList = 9699DCAD20DB5BB900896914 /* Build configuration list for PBXProject "DocumentIO" */;
			compatibilityVersion = "Xcode 9.3";
			developmentRegion = en;
			hasScannedForEncodings = 0;
			knownRegions = (
				en,
				Base,
			);
			mainGroup = 9699DCA920DB5BB900896914;
			productRefGroup = 9699DCB320DB5BB900896914 /* Products */;
			projectDirPath = "";
			projectRoot = "";
			targets = (
				9699DCB120DB5BB900896914 /* DocumentIO */,
				9699DCC920DB5BC000896914 /* DocumentIOTests */,
				9699DCD420DB5BC000896914 /* DocumentIOUITests */,
			);
		};
/* End PBXProject section */

/* Begin PBXResourcesBuildPhase section */
		9699DCB020DB5BB900896914 /* Resources */ = {
			isa = PBXResourcesBuildPhase;
			buildActionMask = 2147483647;
			files = (
				9699DCC220DB5BBF00896914 /* LaunchScreen.storyboard in Resources */,
				9699DD8920EB970800896914 /* 111.JPG in Resources */,
				9699DCBF20DB5BBF00896914 /* Assets.xcassets in Resources */,
				9699DCBD20DB5BB900896914 /* Main.storyboard in Resources */,
			);
			runOnlyForDeploymentPostprocessing = 0;
		};
		9699DCC820DB5BC000896914 /* Resources */ = {
			isa = PBXResourcesBuildPhase;
			buildActionMask = 2147483647;
			files = (
			);
			runOnlyForDeploymentPostprocessing = 0;
		};
		9699DCD320DB5BC000896914 /* Resources */ = {
			isa = PBXResourcesBuildPhase;
			buildActionMask = 2147483647;
			files = (
			);
			runOnlyForDeploymentPostprocessing = 0;
		};
/* End PBXResourcesBuildPhase section */

/* Begin PBXSourcesBuildPhase section */
		9699DCAE20DB5BB900896914 /* Sources */ = {
			isa = PBXSourcesBuildPhase;
			buildActionMask = 2147483647;
			files = (
				9699DD7A20E6217F00896914 /* DocumentIOManager.m in Sources */,
				9699DD8020E63B1A00896914 /* DocumentIOCacheInDisk.m in Sources */,
				9699DCBA20DB5BB900896914 /* ViewController.m in Sources */,
				9699DCC520DB5BC000896914 /* main.m in Sources */,
				9699DD7D20E63B0700896914 /* DocumentIOCacheInMemory.m in Sources */,
				9699DD8320E63C5800896914 /* DocumentIOCache.m in Sources */,
				9699DCB720DB5BB900896914 /* AppDelegate.m in Sources */,
			);
			runOnlyForDeploymentPostprocessing = 0;
		};
		9699DCC620DB5BC000896914 /* Sources */ = {
			isa = PBXSourcesBuildPhase;
			buildActionMask = 2147483647;
			files = (
				9699DCCF20DB5BC000896914 /* DocumentIOTests.m in Sources */,
			);
			runOnlyForDeploymentPostprocessing = 0;
		};
		9699DCD120DB5BC000896914 /* Sources */ = {
			isa = PBXSourcesBuildPhase;
			buildActionMask = 2147483647;
			files = (
				9699DCDA20DB5BC000896914 /* DocumentIOUITests.m in Sources */,
			);
			runOnlyForDeploymentPostprocessing = 0;
		};
/* End PBXSourcesBuildPhase section */

/* Begin PBXTargetDependency section */
		9699DCCC20DB5BC000896914 /* PBXTargetDependency */ = {
			isa = PBXTargetDependency;
			target = 9699DCB120DB5BB900896914 /* DocumentIO */;
			targetProxy = 9699DCCB20DB5BC000896914 /* PBXContainerItemProxy */;
		};
		9699DCD720DB5BC000896914 /* PBXTargetDependency */ = {
			isa = PBXTargetDependency;
			target = 9699DCB120DB5BB900896914 /* DocumentIO */;
			targetProxy = 9699DCD620DB5BC000896914 /* PBXContainerItemProxy */;
		};
/* End PBXTargetDependency section */

/* Begin PBXVariantGroup section */
		9699DCBB20DB5BB900896914 /* Main.storyboard */ = {
			isa = PBXVariantGroup;
			children = (
				9699DCBC20DB5BB900896914 /* Base */,
			);
			name = Main.storyboard;
			sourceTree = "<group>";
		};
		9699DCC020DB5BBF00896914 /* LaunchScreen.storyboard */ = {
			isa = PBXVariantGroup;
			children = (
				9699DCC120DB5BBF00896914 /* Base */,
			);
			name = LaunchScreen.storyboard;
			sourceTree = "<group>";
		};
/* End PBXVariantGroup section */

/* Begin XCBuildConfiguration section */
		9699DCDC20DB5BC000896914 /* Debug */ = {
			isa = XCBuildConfiguration;
			buildSettings = {
				ALWAYS_SEARCH_USER_PATHS = NO;
				CLANG_ANALYZER_NONNULL = YES;
				CLANG_ANALYZER_NUMBER_OBJECT_CONVERSION = YES_AGGRESSIVE;
				CLANG_CXX_LANGUAGE_STANDARD = "gnu++14";
				CLANG_CXX_LIBRARY = "libc++";
				CLANG_ENABLE_MODULES = YES;
				CLANG_ENABLE_OBJC_ARC = YES;
				CLANG_ENABLE_OBJC_WEAK = YES;
				CLANG_WARN_BLOCK_CAPTURE_AUTORELEASING = YES;
				CLANG_WARN_BOOL_CONVERSION = YES;
				CLANG_WARN_COMMA = YES;
				CLANG_WARN_CONSTANT_CONVERSION = YES;
				CLANG_WARN_DEPRECATED_OBJC_IMPLEMENTATIONS = YES;
				CLANG_WARN_DIRECT_OBJC_ISA_USAGE = YES_ERROR;
				CLANG_WARN_DOCUMENTATION_COMMENTS = YES;
				CLANG_WARN_EMPTY_BODY = YES;
				CLANG_WARN_ENUM_CONVERSION = YES;
				CLANG_WARN_INFINITE_RECURSION = YES;
				CLANG_WARN_INT_CONVERSION = YES;
				CLANG_WARN_NON_LITERAL_NULL_CONVERSION = YES;
				CLANG_WARN_OBJC_IMPLICIT_RETAIN_SELF = YES;
				CLANG_WARN_OBJC_LITERAL_CONVERSION = YES;
				CLANG_WARN_OBJC_ROOT_CLASS = YES_ERROR;
				CLANG_WARN_RANGE_LOOP_ANALYSIS = YES;
				CLANG_WARN_STRICT_PROTOTYPES = YES;
				CLANG_WARN_SUSPICIOUS_MOVE = YES;
				CLANG_WARN_UNGUARDED_AVAILABILITY = YES_AGGRESSIVE;
				CLANG_WARN_UNREACHABLE_CODE = YES;
				CLANG_WARN__DUPLICATE_METHOD_MATCH = YES;
				CODE_SIGN_IDENTITY = "iPhone Developer";
				COPY_PHASE_STRIP = NO;
				DEBUG_INFORMATION_FORMAT = dwarf;
				ENABLE_STRICT_OBJC_MSGSEND = YES;
				ENABLE_TESTABILITY = YES;
				GCC_C_LANGUAGE_STANDARD = gnu11;
				GCC_DYNAMIC_NO_PIC = NO;
				GCC_NO_COMMON_BLOCKS = YES;
				GCC_OPTIMIZATION_LEVEL = 0;
				GCC_PREPROCESSOR_DEFINITIONS = (
					"DEBUG=1",
					"$(inherited)",
				);
				GCC_WARN_64_TO_32_BIT_CONVERSION = YES;
				GCC_WARN_ABOUT_RETURN_TYPE = YES_ERROR;
				GCC_WARN_UNDECLARED_SELECTOR = YES;
				GCC_WARN_UNINITIALIZED_AUTOS = YES_AGGRESSIVE;
				GCC_WARN_UNUSED_FUNCTION = YES;
				GCC_WARN_UNUSED_VARIABLE = YES;
				IPHONEOS_DEPLOYMENT_TARGET = 11.4;
				MTL_ENABLE_DEBUG_INFO = YES;
				ONLY_ACTIVE_ARCH = YES;
				SDKROOT = iphoneos;
			};
			name = Debug;
		};
		9699DCDD20DB5BC000896914 /* Release */ = {
			isa = XCBuildConfiguration;
			buildSettings = {
				ALWAYS_SEARCH_USER_PATHS = NO;
				CLANG_ANALYZER_NONNULL = YES;
				CLANG_ANALYZER_NUMBER_OBJECT_CONVERSION = YES_AGGRESSIVE;
				CLANG_CXX_LANGUAGE_STANDARD = "gnu++14";
				CLANG_CXX_LIBRARY = "libc++";
				CLANG_ENABLE_MODULES = YES;
				CLANG_ENABLE_OBJC_ARC = YES;
				CLANG_ENABLE_OBJC_WEAK = YES;
				CLANG_WARN_BLOCK_CAPTURE_AUTORELEASING = YES;
				CLANG_WARN_BOOL_CONVERSION = YES;
				CLANG_WARN_COMMA = YES;
				CLANG_WARN_CONSTANT_CONVERSION = YES;
				CLANG_WARN_DEPRECATED_OBJC_IMPLEMENTATIONS = YES;
				CLANG_WARN_DIRECT_OBJC_ISA_USAGE = YES_ERROR;
				CLANG_WARN_DOCUMENTATION_COMMENTS = YES;
				CLANG_WARN_EMPTY_BODY = YES;
				CLANG_WARN_ENUM_CONVERSION = YES;
				CLANG_WARN_INFINITE_RECURSION = YES;
				CLANG_WARN_INT_CONVERSION = YES;
				CLANG_WARN_NON_LITERAL_NULL_CONVERSION = YES;
				CLANG_WARN_OBJC_IMPLICIT_RETAIN_SELF = YES;
				CLANG_WARN_OBJC_LITERAL_CONVERSION = YES;
				CLANG_WARN_OBJC_ROOT_CLASS = YES_ERROR;
				CLANG_WARN_RANGE_LOOP_ANALYSIS = YES;
				CLANG_WARN_STRICT_PROTOTYPES = YES;
				CLANG_WARN_SUSPICIOUS_MOVE = YES;
				CLANG_WARN_UNGUARDED_AVAILABILITY = YES_AGGRESSIVE;
				CLANG_WARN_UNREACHABLE_CODE = YES;
				CLANG_WARN__DUPLICATE_METHOD_MATCH = YES;
				CODE_SIGN_IDENTITY = "iPhone Developer";
				COPY_PHASE_STRIP = NO;
				DEBUG_INFORMATION_FORMAT = "dwarf-with-dsym";
				ENABLE_NS_ASSERTIONS = NO;
				ENABLE_STRICT_OBJC_MSGSEND = YES;
				GCC_C_LANGUAGE_STANDARD = gnu11;
				GCC_NO_COMMON_BLOCKS = YES;
				GCC_WARN_64_TO_32_BIT_CONVERSION = YES;
				GCC_WARN_ABOUT_RETURN_TYPE = YES_ERROR;
				GCC_WARN_UNDECLARED_SELECTOR = YES;
				GCC_WARN_UNINITIALIZED_AUTOS = YES_AGGRESSIVE;
				GCC_WARN_UNUSED_FUNCTION = YES;
				GCC_WARN_UNUSED_VARIABLE = YES;
				IPHONEOS_DEPLOYMENT_TARGET = 11.4;
				MTL_ENABLE_DEBUG_INFO = NO;
				SDKROOT = iphoneos;
				VALIDATE_PRODUCT = YES;
			};
			name = Release;
		};
		9699DCDF20DB5BC000896914 /* Debug */ = {
			isa = XCBuildConfiguration;
			buildSettings = {
				ASSETCATALOG_COMPILER_APPICON_NAME = AppIcon;
				CODE_SIGN_STYLE = Automatic;
				DEVELOPMENT_TEAM = TQL6G72335;
				INFOPLIST_FILE = DocumentIO/Info.plist;
				LD_RUNPATH_SEARCH_PATHS = (
					"$(inherited)",
					"@executable_path/Frameworks",
				);
				PRODUCT_BUNDLE_IDENTIFIER = peipei.DocumentIO;
				PRODUCT_NAME = "$(TARGET_NAME)";
				TARGETED_DEVICE_FAMILY = "1,2";
			};
			name = Debug;
		};
		9699DCE020DB5BC000896914 /* Release */ = {
			isa = XCBuildConfiguration;
			buildSettings = {
				ASSETCATALOG_COMPILER_APPICON_NAME = AppIcon;
				CODE_SIGN_STYLE = Automatic;
				DEVELOPMENT_TEAM = TQL6G72335;
				INFOPLIST_FILE = DocumentIO/Info.plist;
				LD_RUNPATH_SEARCH_PATHS = (
					"$(inherited)",
					"@executable_path/Frameworks",
				);
				PRODUCT_BUNDLE_IDENTIFIER = peipei.DocumentIO;
				PRODUCT_NAME = "$(TARGET_NAME)";
				TARGETED_DEVICE_FAMILY = "1,2";
			};
			name = Release;
		};
		9699DCE220DB5BC000896914 /* Debug */ = {
			isa = XCBuildConfiguration;
			buildSettings = {
				BUNDLE_LOADER = "$(TEST_HOST)";
				CODE_SIGN_STYLE = Automatic;
				DEVELOPMENT_TEAM = TQL6G72335;
				INFOPLIST_FILE = DocumentIOTests/Info.plist;
				LD_RUNPATH_SEARCH_PATHS = (
					"$(inherited)",
					"@executable_path/Frameworks",
					"@loader_path/Frameworks",
				);
				PRODUCT_BUNDLE_IDENTIFIER = peipei.DocumentIOTests;
				PRODUCT_NAME = "$(TARGET_NAME)";
				TARGETED_DEVICE_FAMILY = "1,2";
				TEST_HOST = "$(BUILT_PRODUCTS_DIR)/DocumentIO.app/DocumentIO";
			};
			name = Debug;
		};
		9699DCE320DB5BC000896914 /* Release */ = {
			isa = XCBuildConfiguration;
			buildSettings = {
				BUNDLE_LOADER = "$(TEST_HOST)";
				CODE_SIGN_STYLE = Automatic;
				DEVELOPMENT_TEAM = TQL6G72335;
				INFOPLIST_FILE = DocumentIOTests/Info.plist;
				LD_RUNPATH_SEARCH_PATHS = (
					"$(inherited)",
					"@executable_path/Frameworks",
					"@loader_path/Frameworks",
				);
				PRODUCT_BUNDLE_IDENTIFIER = peipei.DocumentIOTests;
				PRODUCT_NAME = "$(TARGET_NAME)";
				TARGETED_DEVICE_FAMILY = "1,2";
				TEST_HOST = "$(BUILT_PRODUCTS_DIR)/DocumentIO.app/DocumentIO";
			};
			name = Release;
		};
		9699DCE520DB5BC000896914 /* Debug */ = {
			isa = XCBuildConfiguration;
			buildSettings = {
				CODE_SIGN_STYLE = Automatic;
				DEVELOPMENT_TEAM = TQL6G72335;
				INFOPLIST_FILE = DocumentIOUITests/Info.plist;
				LD_RUNPATH_SEARCH_PATHS = (
					"$(inherited)",
					"@executable_path/Frameworks",
					"@loader_path/Frameworks",
				);
				PRODUCT_BUNDLE_IDENTIFIER = peipei.DocumentIOUITests;
				PRODUCT_NAME = "$(TARGET_NAME)";
				TARGETED_DEVICE_FAMILY = "1,2";
				TEST_TARGET_NAME = DocumentIO;
			};
			name = Debug;
		};
		9699DCE620DB5BC000896914 /* Release */ = {
			isa = XCBuildConfiguration;
			buildSettings = {
				CODE_SIGN_STYLE = Automatic;
				DEVELOPMENT_TEAM = TQL6G72335;
				INFOPLIST_FILE = DocumentIOUITests/Info.plist;
				LD_RUNPATH_SEARCH_PATHS = (
					"$(inherited)",
					"@executable_path/Frameworks",
					"@loader_path/Frameworks",
				);
				PRODUCT_BUNDLE_IDENTIFIER = peipei.DocumentIOUITests;
				PRODUCT_NAME = "$(TARGET_NAME)";
				TARGETED_DEVICE_FAMILY = "1,2";
				TEST_TARGET_NAME = DocumentIO;
			};
			name = Release;
		};
/* End XCBuildConfiguration section */

/* Begin XCConfigurationList section */
		9699DCAD20DB5BB900896914 /* Build configuration list for PBXProject "DocumentIO" */ = {
			isa = XCConfigurationList;
			buildConfigurations = (
				9699DCDC20DB5BC000896914 /* Debug */,
				9699DCDD20DB5BC000896914 /* Release */,
			);
			defaultConfigurationIsVisible = 0;
			defaultConfigurationName = Release;
		};
		9699DCDE20DB5BC000896914 /* Build configuration list for PBXNativeTarget "DocumentIO" */ = {
			isa = XCConfigurationList;
			buildConfigurations = (
				9699DCDF20DB5BC000896914 /* Debug */,
				9699DCE020DB5BC000896914 /* Release */,
			);
			defaultConfigurationIsVisible = 0;
			defaultConfigurationName = Release;
		};
		9699DCE120DB5BC000896914 /* Build configuration list for PBXNativeTarget "DocumentIOTests" */ = {
			isa = XCConfigurationList;
			buildConfigurations = (
				9699DCE220DB5BC000896914 /* Debug */,
				9699DCE320DB5BC000896914 /* Release */,
			);
			defaultConfigurationIsVisible = 0;
			defaultConfigurationName = Release;
		};
		9699DCE420DB5BC000896914 /* Build configuration list for PBXNativeTarget "DocumentIOUITests" */ = {
			isa = XCConfigurationList;
			buildConfigurations = (
				9699DCE520DB5BC000896914 /* Debug */,
				9699DCE620DB5BC000896914 /* Release */,
			);
			defaultConfigurationIsVisible = 0;
			defaultConfigurationName = Release;
		};
/* End XCConfigurationList section */
	};
	rootObject = 9699DCAA20DB5BB900896914 /* Project object */;
}
